
Microsoft Visual Studio Solution File, Format Version 12.00
# Visual Studio Version 17
VisualStudioVersion = 17.9.34622.214
MinimumVisualStudioVersion = 10.0.40219.1
Project("{FAE04EC0-301F-11D3-BF4B-00C04F79EFBC}") = "InventoryAPI", "InventoryAPI\InventoryAPI.csproj", "{0929BCE8-57DD-4B30-86F3-FD3D40777B41}"
EndProject
Project("{FAE04EC0-301F-11D3-BF4B-00C04F79EFBC}") = "NotificationService", "NotificationService\NotificationService.csproj", "{0360F30B-C2EF-4AB8-88E9-1AF9E535CD63}"
EndProject
Project("{2150E333-8FDC-42A3-9474-1A3956D46DE8}") = "Elementos de la solución", "Elementos de la solución", "{E3151207-9ACD-4E72-AC58-92967863D5BE}"
	ProjectSection(SolutionItems) = preProject
		docker-compose.yml = docker-compose.yml
	EndProjectSection
EndProject
Global
	GlobalSection(SolutionConfigurationPlatforms) = preSolution
		Debug|Any CPU = Debug|Any CPU
		Release|Any CPU = Release|Any CPU
	EndGlobalSection
	GlobalSection(ProjectConfigurationPlatforms) = postSolution
		{0929BCE8-57DD-4B30-86F3-FD3D40777B41}.Debug|Any CPU.ActiveCfg = Debug|Any CPU
		{0929BCE8-57DD-4B30-86F3-FD3D40777B41}.Debug|Any CPU.Build.0 = Debug|Any CPU
		{0929BCE8-57DD-4B30-86F3-FD3D40777B41}.Release|Any CPU.ActiveCfg = Release|Any CPU
		{0929BCE8-57DD-4B30-86F3-FD3D40777B41}.Release|Any CPU.Build.0 = Release|Any CPU
		{0360F30B-C2EF-4AB8-88E9-1AF9E535CD63}.Debug|Any CPU.ActiveCfg = Debug|Any CPU
		{0360F30B-C2EF-4AB8-88E9-1AF9E535CD63}.Debug|Any CPU.Build.0 = Debug|Any CPU
		{0360F30B-C2EF-4AB8-88E9-1AF9E535CD63}.Release|Any CPU.ActiveCfg = Release|Any CPU
		{0360F30B-C2EF-4AB8-88E9-1AF9E535CD63}.Release|Any CPU.Build.0 = Release|Any CPU
	EndGlobalSection
	GlobalSection(SolutionProperties) = preSolution
		HideSolutionNode = FALSE
	EndGlobalSection
	GlobalSection(ExtensibilityGlobals) = postSolution
		SolutionGuid = {B3F58D33-5955-48FC-91F2-132444BC7CA5}
	EndGlobalSection
EndGlobal
